
Microsoft Visual Studio Solution File, Format Version 12.00
# Visual Studio Version 16
VisualStudioVersion = 16.0.32126.315
MinimumVisualStudioVersion = 10.0.40219.1
Project("{FAE04EC0-301F-11D3-BF4B-00C04F79EFBC}") = "Buryak_pr15.Android", "Buryak_pr15\Buryak_pr15.Android\Buryak_pr15.Android.csproj", "{79AB3974-8998-460E-BB3F-F19CB7462A67}"
EndProject
Project("{FAE04EC0-301F-11D3-BF4B-00C04F79EFBC}") = "Buryak_pr15.iOS", "Buryak_pr15\Buryak_pr15.iOS\Buryak_pr15.iOS.csproj", "{70905C5C-033A-4311-A7BF-9E4DB3ABBD45}"
EndProject
Project("{FAE04EC0-301F-11D3-BF4B-00C04F79EFBC}") = "Buryak_pr15", "Buryak_pr15\Buryak_pr15\Buryak_pr15.csproj", "{EAC12059-D758-44AC-8909-49991FF63F85}"
EndProject
Global
	GlobalSection(SolutionConfigurationPlatforms) = preSolution
		Debug|Any CPU = Debug|Any CPU
		Debug|iPhone = Debug|iPhone
		Debug|iPhoneSimulator = Debug|iPhoneSimulator
		Release|Any CPU = Release|Any CPU
		Release|iPhone = Release|iPhone
		Release|iPhoneSimulator = Release|iPhoneSimulator
	EndGlobalSection
	GlobalSection(ProjectConfigurationPlatforms) = postSolution
		{79AB3974-8998-460E-BB3F-F19CB7462A67}.Debug|Any CPU.ActiveCfg = Debug|Any CPU
		{79AB3974-8998-460E-BB3F-F19CB7462A67}.Debug|Any CPU.Build.0 = Debug|Any CPU
		{79AB3974-8998-460E-BB3F-F19CB7462A67}.Debug|Any CPU.Deploy.0 = Debug|Any CPU
		{79AB3974-8998-460E-BB3F-F19CB7462A67}.Debug|iPhone.ActiveCfg = Debug|Any CPU
		{79AB3974-8998-460E-BB3F-F19CB7462A67}.Debug|iPhone.Build.0 = Debug|Any CPU
		{79AB3974-8998-460E-BB3F-F19CB7462A67}.Debug|iPhone.Deploy.0 = Debug|Any CPU
		{79AB3974-8998-460E-BB3F-F19CB7462A67}.Debug|iPhoneSimulator.ActiveCfg = Debug|Any CPU
		{79AB3974-8998-460E-BB3F-F19CB7462A67}.Debug|iPhoneSimulator.Build.0 = Debug|Any CPU
		{79AB3974-8998-460E-BB3F-F19CB7462A67}.Debug|iPhoneSimulator.Deploy.0 = Debug|Any CPU
		{79AB3974-8998-460E-BB3F-F19CB7462A67}.Release|Any CPU.ActiveCfg = Release|Any CPU
		{79AB3974-8998-460E-BB3F-F19CB7462A67}.Release|Any CPU.Build.0 = Release|Any CPU
		{79AB3974-8998-460E-BB3F-F19CB7462A67}.Release|Any CPU.Deploy.0 = Release|Any CPU
		{79AB3974-8998-460E-BB3F-F19CB7462A67}.Release|iPhone.ActiveCfg = Release|Any CPU
		{79AB3974-8998-460E-BB3F-F19CB7462A67}.Release|iPhone.Build.0 = Release|Any CPU
		{79AB3974-8998-460E-BB3F-F19CB7462A67}.Release|iPhone.Deploy.0 = Release|Any CPU
		{79AB3974-8998-460E-BB3F-F19CB7462A67}.Release|iPhoneSimulator.ActiveCfg = Release|Any CPU
		{79AB3974-8998-460E-BB3F-F19CB7462A67}.Release|iPhoneSimulator.Build.0 = Release|Any CPU
		{79AB3974-8998-460E-BB3F-F19CB7462A67}.Release|iPhoneSimulator.Deploy.0 = Release|Any CPU
		{70905C5C-033A-4311-A7BF-9E4DB3ABBD45}.Debug|Any CPU.ActiveCfg = Debug|iPhone
		{70905C5C-033A-4311-A7BF-9E4DB3ABBD45}.Debug|Any CPU.Build.0 = Debug|iPhone
		{70905C5C-033A-4311-A7BF-9E4DB3ABBD45}.Debug|Any CPU.Deploy.0 = Debug|iPhone
		{70905C5C-033A-4311-A7BF-9E4DB3ABBD45}.Debug|iPhone.ActiveCfg = Debug|iPhone
		{70905C5C-033A-4311-A7BF-9E4DB3ABBD45}.Debug|iPhone.Build.0 = Debug|iPhone
		{70905C5C-033A-4311-A7BF-9E4DB3ABBD45}.Debug|iPhone.Deploy.0 = Debug|iPhone
		{70905C5C-033A-4311-A7BF-9E4DB3ABBD45}.Debug|iPhoneSimulator.ActiveCfg = Debug|iPhoneSimulator
		{70905C5C-033A-4311-A7BF-9E4DB3ABBD45}.Debug|iPhoneSimulator.Build.0 = Debug|iPhoneSimulator
		{70905C5C-033A-4311-A7BF-9E4DB3ABBD45}.Debug|iPhoneSimulator.Deploy.0 = Debug|iPhoneSimulator
		{70905C5C-033A-4311-A7BF-9E4DB3ABBD45}.Release|Any CPU.ActiveCfg = Release|iPhoneSimulator
		{70905C5C-033A-4311-A7BF-9E4DB3ABBD45}.Release|Any CPU.Build.0 = Release|iPhoneSimulator
		{70905C5C-033A-4311-A7BF-9E4DB3ABBD45}.Release|Any CPU.Deploy.0 = Release|iPhoneSimulator
		{70905C5C-033A-4311-A7BF-9E4DB3ABBD45}.Release|iPhone.ActiveCfg = Release|iPhone
		{70905C5C-033A-4311-A7BF-9E4DB3ABBD45}.Release|iPhone.Build.0 = Release|iPhone
		{70905C5C-033A-4311-A7BF-9E4DB3ABBD45}.Release|iPhone.Deploy.0 = Release|iPhone
		{70905C5C-033A-4311-A7BF-9E4DB3ABBD45}.Release|iPhoneSimulator.ActiveCfg = Release|iPhoneSimulator
		{70905C5C-033A-4311-A7BF-9E4DB3ABBD45}.Release|iPhoneSimulator.Build.0 = Release|iPhoneSimulator
		{70905C5C-033A-4311-A7BF-9E4DB3ABBD45}.Release|iPhoneSimulator.Deploy.0 = Release|iPhoneSimulator
		{EAC12059-D758-44AC-8909-49991FF63F85}.Debug|Any CPU.ActiveCfg = Debug|Any CPU
		{EAC12059-D758-44AC-8909-49991FF63F85}.Debug|Any CPU.Build.0 = Debug|Any CPU
		{EAC12059-D758-44AC-8909-49991FF63F85}.Debug|Any CPU.Deploy.0 = Debug|Any CPU
		{EAC12059-D758-44AC-8909-49991FF63F85}.Debug|iPhone.ActiveCfg = Debug|Any CPU
		{EAC12059-D758-44AC-8909-49991FF63F85}.Debug|iPhone.Build.0 = Debug|Any CPU
		{EAC12059-D758-44AC-8909-49991FF63F85}.Debug|iPhone.Deploy.0 = Debug|Any CPU
		{EAC12059-D758-44AC-8909-49991FF63F85}.Debug|iPhoneSimulator.ActiveCfg = Debug|Any CPU
		{EAC12059-D758-44AC-8909-49991FF63F85}.Debug|iPhoneSimulator.Build.0 = Debug|Any CPU
		{EAC12059-D758-44AC-8909-49991FF63F85}.Debug|iPhoneSimulator.Deploy.0 = Debug|Any CPU
		{EAC12059-D758-44AC-8909-49991FF63F85}.Release|Any CPU.ActiveCfg = Release|Any CPU
		{EAC12059-D758-44AC-8909-49991FF63F85}.Release|Any CPU.Build.0 = Release|Any CPU
		{EAC12059-D758-44AC-8909-49991FF63F85}.Release|Any CPU.Deploy.0 = Release|Any CPU
		{EAC12059-D758-44AC-8909-49991FF63F85}.Release|iPhone.ActiveCfg = Release|Any CPU
		{EAC12059-D758-44AC-8909-49991FF63F85}.Release|iPhone.Build.0 = Release|Any CPU
		{EAC12059-D758-44AC-8909-49991FF63F85}.Release|iPhone.Deploy.0 = Release|Any CPU
		{EAC12059-D758-44AC-8909-49991FF63F85}.Release|iPhoneSimulator.ActiveCfg = Release|Any CPU
		{EAC12059-D758-44AC-8909-49991FF63F85}.Release|iPhoneSimulator.Build.0 = Release|Any CPU
		{EAC12059-D758-44AC-8909-49991FF63F85}.Release|iPhoneSimulator.Deploy.0 = Release|Any CPU
	EndGlobalSection
	GlobalSection(SolutionProperties) = preSolution
		HideSolutionNode = FALSE
	EndGlobalSection
	GlobalSection(ExtensibilityGlobals) = postSolution
		SolutionGuid = {669BCF4A-D4A8-47A8-8756-646E7784362F}
	EndGlobalSection
EndGlobal
